
Microsoft Visual Studio Solution File, Format Version 12.00
# Visual Studio Version 17
VisualStudioVersion = 17.7.34024.191
MinimumVisualStudioVersion = 10.0.40219.1
Project("{FAE04EC0-301F-11D3-BF4B-00C04F79EFBC}") = "P418-Methods", "P418-Methods\P418-Methods.csproj", "{7FA934BC-A7CC-4027-8953-5060DE0B14D7}"
EndProject
Global
	GlobalSection(SolutionConfigurationPlatforms) = preSolution
		Debug|Any CPU = Debug|Any CPU
		Release|Any CPU = Release|Any CPU
	EndGlobalSection
	GlobalSection(ProjectConfigurationPlatforms) = postSolution
		{7FA934BC-A7CC-4027-8953-5060DE0B14D7}.Debug|Any CPU.ActiveCfg = Debug|Any CPU
		{7FA934BC-A7CC-4027-8953-5060DE0B14D7}.Debug|Any CPU.Build.0 = Debug|Any CPU
		{7FA934BC-A7CC-4027-8953-5060DE0B14D7}.Release|Any CPU.ActiveCfg = Release|Any CPU
		{7FA934BC-A7CC-4027-8953-5060DE0B14D7}.Release|Any CPU.Build.0 = Release|Any CPU
	EndGlobalSection
	GlobalSection(SolutionProperties) = preSolution
		HideSolutionNode = FALSE
	EndGlobalSection
	GlobalSection(ExtensibilityGlobals) = postSolution
		SolutionGuid = {94F27E7E-9D24-4DA7-8EA0-27D20C156FC5}
	EndGlobalSection
EndGlobal
